
Microsoft Visual Studio Solution File, Format Version 12.00
# Visual Studio Version 17
VisualStudioVersion = 17.8.34511.84
MinimumVisualStudioVersion = 10.0.40219.1
Project("{8BC9CEB8-8B4A-11D0-8D11-00A0C91BC942}") = "LBEE_CHSMemoryPatch", "LBEE_CHSMemoryPatch\LBEE_CHSMemoryPatch.vcxproj", "{93531B9E-7F0C-4562-819D-3B402E2CE071}"
EndProject
Global
	GlobalSection(SolutionConfigurationPlatforms) = preSolution
		Debug|x64 = Debug|x64
		Debug|x86 = Debug|x86
		Release|x64 = Release|x64
		Release|x86 = Release|x86
	EndGlobalSection
	GlobalSection(ProjectConfigurationPlatforms) = postSolution
		{93531B9E-7F0C-4562-819D-3B402E2CE071}.Debug|x64.ActiveCfg = Debug|x64
		{93531B9E-7F0C-4562-819D-3B402E2CE071}.Debug|x64.Build.0 = Debug|x64
		{93531B9E-7F0C-4562-819D-3B402E2CE071}.Debug|x86.ActiveCfg = Debug|Win32
		{93531B9E-7F0C-4562-819D-3B402E2CE071}.Debug|x86.Build.0 = Debug|Win32
		{93531B9E-7F0C-4562-819D-3B402E2CE071}.Release|x64.ActiveCfg = Release|x64
		{93531B9E-7F0C-4562-819D-3B402E2CE071}.Release|x64.Build.0 = Release|x64
		{93531B9E-7F0C-4562-819D-3B402E2CE071}.Release|x86.ActiveCfg = Release|Win32
		{93531B9E-7F0C-4562-819D-3B402E2CE071}.Release|x86.Build.0 = Release|Win32
	EndGlobalSection
	GlobalSection(SolutionProperties) = preSolution
		HideSolutionNode = FALSE
	EndGlobalSection
	GlobalSection(ExtensibilityGlobals) = postSolution
		SolutionGuid = {10801394-4301-4F54-821C-67E8E6BFDB65}
	EndGlobalSection
EndGlobal
